
Microsoft Visual Studio Solution File, Format Version 12.00
# Visual Studio 14
VisualStudioVersion = 14.0.25420.1
MinimumVisualStudioVersion = 10.0.40219.1
Project("{FAE04EC0-301F-11D3-BF4B-00C04F79EFBC}") = "Проект Шифрование", "Проект Шифрование\Проект Шифрование.csproj", "{82A43ED5-5658-4B7B-8C11-7C6C7302C2F6}"
	ProjectSection(ProjectDependencies) = postProject
		{C99284B8-76FC-4DFA-989F-7232AE21054E} = {C99284B8-76FC-4DFA-989F-7232AE21054E}
	EndProjectSection
EndProject
Project("{FAE04EC0-301F-11D3-BF4B-00C04F79EFBC}") = "Server", "WebApplication2\Server.csproj", "{C99284B8-76FC-4DFA-989F-7232AE21054E}"
EndProject
Global
	GlobalSection(SolutionConfigurationPlatforms) = preSolution
		Debug|Any CPU = Debug|Any CPU
		Release|Any CPU = Release|Any CPU
	EndGlobalSection
	GlobalSection(ProjectConfigurationPlatforms) = postSolution
		{82A43ED5-5658-4B7B-8C11-7C6C7302C2F6}.Debug|Any CPU.ActiveCfg = Debug|Any CPU
		{82A43ED5-5658-4B7B-8C11-7C6C7302C2F6}.Debug|Any CPU.Build.0 = Debug|Any CPU
		{82A43ED5-5658-4B7B-8C11-7C6C7302C2F6}.Release|Any CPU.ActiveCfg = Release|Any CPU
		{82A43ED5-5658-4B7B-8C11-7C6C7302C2F6}.Release|Any CPU.Build.0 = Release|Any CPU
		{C99284B8-76FC-4DFA-989F-7232AE21054E}.Debug|Any CPU.ActiveCfg = Debug|Any CPU
		{C99284B8-76FC-4DFA-989F-7232AE21054E}.Debug|Any CPU.Build.0 = Debug|Any CPU
		{C99284B8-76FC-4DFA-989F-7232AE21054E}.Release|Any CPU.ActiveCfg = Release|Any CPU
		{C99284B8-76FC-4DFA-989F-7232AE21054E}.Release|Any CPU.Build.0 = Release|Any CPU
	EndGlobalSection
	GlobalSection(SolutionProperties) = preSolution
		HideSolutionNode = FALSE
	EndGlobalSection
EndGlobal
